
Microsoft Visual Studio Solution File, Format Version 12.00
# Visual Studio Version 17
VisualStudioVersion = 17.7.34202.233
MinimumVisualStudioVersion = 10.0.40219.1
Project("{FAE04EC0-301F-11D3-BF4B-00C04F79EFBC}") = "Autoschool", "Autoschool.csproj", "{1287932A-F572-455D-8619-1B7BA7A7AF87}"
EndProject
Global
	GlobalSection(SolutionConfigurationPlatforms) = preSolution
		Debug|Any CPU = Debug|Any CPU
		Release|Any CPU = Release|Any CPU
	EndGlobalSection
	GlobalSection(ProjectConfigurationPlatforms) = postSolution
		{1287932A-F572-455D-8619-1B7BA7A7AF87}.Debug|Any CPU.ActiveCfg = Debug|Any CPU
		{1287932A-F572-455D-8619-1B7BA7A7AF87}.Debug|Any CPU.Build.0 = Debug|Any CPU
		{1287932A-F572-455D-8619-1B7BA7A7AF87}.Release|Any CPU.ActiveCfg = Release|Any CPU
		{1287932A-F572-455D-8619-1B7BA7A7AF87}.Release|Any CPU.Build.0 = Release|Any CPU
	EndGlobalSection
	GlobalSection(SolutionProperties) = preSolution
		HideSolutionNode = FALSE
	EndGlobalSection
	GlobalSection(ExtensibilityGlobals) = postSolution
		SolutionGuid = {85D20B30-87A7-4E27-9770-65D141898055}
	EndGlobalSection
EndGlobal
